
Microsoft Visual Studio Solution File, Format Version 11.00
# Visual Studio 2010
Project("{FAE04EC0-301F-11D3-BF4B-00C04F79EFBC}") = "equalidator", "equalidator\equalidator.csproj", "{FDF17C9F-456B-4B09-B927-38BCE8BBC174}"
EndProject
Project("{FAE04EC0-301F-11D3-BF4B-00C04F79EFBC}") = "equalidator.tests", "equalidator.tests\equalidator.tests.csproj", "{5D26CDCD-7489-4A40-9075-8331AC402116}"
EndProject
Global
	GlobalSection(SolutionConfigurationPlatforms) = preSolution
		Debug|Any CPU = Debug|Any CPU
		Release|Any CPU = Release|Any CPU
	EndGlobalSection
	GlobalSection(ProjectConfigurationPlatforms) = postSolution
		{FDF17C9F-456B-4B09-B927-38BCE8BBC174}.Debug|Any CPU.ActiveCfg = Debug|Any CPU
		{FDF17C9F-456B-4B09-B927-38BCE8BBC174}.Debug|Any CPU.Build.0 = Debug|Any CPU
		{FDF17C9F-456B-4B09-B927-38BCE8BBC174}.Release|Any CPU.ActiveCfg = Release|Any CPU
		{FDF17C9F-456B-4B09-B927-38BCE8BBC174}.Release|Any CPU.Build.0 = Release|Any CPU
		{5D26CDCD-7489-4A40-9075-8331AC402116}.Debug|Any CPU.ActiveCfg = Debug|Any CPU
		{5D26CDCD-7489-4A40-9075-8331AC402116}.Debug|Any CPU.Build.0 = Debug|Any CPU
		{5D26CDCD-7489-4A40-9075-8331AC402116}.Release|Any CPU.ActiveCfg = Release|Any CPU
		{5D26CDCD-7489-4A40-9075-8331AC402116}.Release|Any CPU.Build.0 = Release|Any CPU
	EndGlobalSection
	GlobalSection(SolutionProperties) = preSolution
		HideSolutionNode = FALSE
	EndGlobalSection
EndGlobal
